// !$*UTF8*$!
{
	archiveVersion = 1;
	classes = {
	};
	objectVersion = 46;
	objects = {

/* Begin PBXBuildFile section */
		CB32D92D1E6D63F800E53115 /* AppDelegate.swift in Sources */ = {isa = PBXBuildFile; fileRef = CB32D92C1E6D63F800E53115 /* AppDelegate.swift */; };
		CB32D92F1E6D63F800E53115 /* ViewController.swift in Sources */ = {isa = PBXBuildFile; fileRef = CB32D92E1E6D63F800E53115 /* ViewController.swift */; };
		CB32D9321E6D63F800E53115 /* Main.storyboard in Resources */ = {isa = PBXBuildFile; fileRef = CB32D9301E6D63F800E53115 /* Main.storyboard */; };
		CB32D9341E6D63F800E53115 /* Assets.xcassets in Resources */ = {isa = PBXBuildFile; fileRef = CB32D9331E6D63F800E53115 /* Assets.xcassets */; };
		CB32D9371E6D63F800E53115 /* LaunchScreen.storyboard in Resources */ = {isa = PBXBuildFile; fileRef = CB32D9351E6D63F800E53115 /* LaunchScreen.storyboard */; };
		CB32D9411E6D65BD00E53115 /* test.png in Resources */ = {isa = PBXBuildFile; fileRef = CB32D9401E6D65BD00E53115 /* test.png */; };
/* End PBXBuildFile section */

/* Begin PBXFileReference section */
		CB32D9291E6D63F800E53115 /* WebBrowser.app */ = {isa = PBXFileReference; explicitFileType = wrapper.application; includeInIndex = 0; path = WebBrowser.app; sourceTree = BUILT_PRODUCTS_DIR; };
		CB32D92C1E6D63F800E53115 /* AppDelegate.swift */ = {isa = PBXFileReference; lastKnownFileType = sourcecode.swift; path = AppDelegate.swift; sourceTree = "<group>"; };
		CB32D92E1E6D63F800E53115 /* ViewController.swift */ = {isa = PBXFileReference; lastKnownFileType = sourcecode.swift; path = ViewController.swift; sourceTree = "<group>"; };
		CB32D9311E6D63F800E53115 /* Base */ = {isa = PBXFileReference; lastKnownFileType = file.storyboard; name = Base; path = Base.lproj/Main.storyboard; sourceTree = "<group>"; };
		CB32D9331E6D63F800E53115 /* Assets.xcassets */ = {isa = PBXFileReference; lastKnownFileType = folder.assetcatalog; path = Assets.xcassets; sourceTree = "<group>"; };
		CB32D9361E6D63F800E53115 /* Base */ = {isa = PBXFileReference; lastKnownFileType = file.storyboard; name = Base; path = Base.lproj/LaunchScreen.storyboard; sourceTree = "<group>"; };
		CB32D9381E6D63F800E53115 /* Info.plist */ = {isa = PBXFileReference; lastKnownFileType = text.plist.xml; path = Info.plist; sourceTree = "<group>"; };
		CB32D9401E6D65BD00E53115 /* test.png */ = {isa = PBXFileReference; lastKnownFileType = image.png; path = test.png; sourceTree = "<group>"; };
/* End PBXFileReference section */

/* Begin PBXFrameworksBuildPhase section */
		CB32D9261E6D63F800E53115 /* Frameworks */ = {
			isa = PBXFrameworksBuildPhase;
			buildActionMask = 2147483647;
			files = (
			);
			runOnlyForDeploymentPostprocessing = 0;
		};
/* End PBXFrameworksBuildPhase section */

/* Begin PBXGroup section */
		CB32D9201E6D63F800E53115 = {
			isa = PBXGroup;
			children = (
				CB32D92B1E6D63F800E53115 /* WebBrowser */,
				CB32D92A1E6D63F800E53115 /* Products */,
			);
			sourceTree = "<group>";
		};
		CB32D92A1E6D63F800E53115 /* Products */ = {
			isa = PBXGroup;
			children = (
				CB32D9291E6D63F800E53115 /* WebBrowser.app */,
			);
			name = Products;
			sourceTree = "<group>";
		};
		CB32D92B1E6D63F800E53115 /* WebBrowser */ = {
			isa = PBXGroup;
			children = (
				CB32D9401E6D65BD00E53115 /* test.png */,
				CB32D92C1E6D63F800E53115 /* AppDelegate.swift */,
				CB32D92E1E6D63F800E53115 /* ViewController.swift */,
				CB32D9301E6D63F800E53115 /* Main.storyboard */,
				CB32D9331E6D63F800E53115 /* Assets.xcassets */,
				CB32D9351E6D63F800E53115 /* LaunchScreen.storyboard */,
				CB32D9381E6D63F800E53115 /* Info.plist */,
			);
			path = WebBrowser;
			sourceTree = "<group>";
		};
/* End PBXGroup section */

/* Begin PBXNativeTarget section */
		CB32D9281E6D63F800E53115 /* WebBrowser */ = {
			isa = PBXNativeTarget;
			buildConfigurationList = CB32D93B1E6D63F800E53115 /* Build configuration list for PBXNativeTarget "WebBrowser" */;
			buildPhases = (
				CB32D9251E6D63F800E53115 /* Sources */,
				CB32D9261E6D63F800E53115 /* Frameworks */,
				CB32D9271E6D63F800E53115 /* Resources */,
			);
			buildRules = (
			);
			dependencies = (
			);
			name = WebBrowser;
			productName = WebBrowser;
			productReference = CB32D9291E6D63F800E53115 /* WebBrowser.app */;
			productType = "com.apple.product-type.application";
		};
/* End PBXNativeTarget section */

/* Begin PBXProject section */
		CB32D9211E6D63F800E53115 /* Project object */ = {
			isa = PBXProject;
			attributes = {
				LastSwiftUpdateCheck = 0820;
				LastUpgradeCheck = 0820;
				ORGANIZATIONNAME = Tuuu;
				TargetAttributes = {
					CB32D9281E6D63F800E53115 = {
						CreatedOnToolsVersion = 8.2.1;
						DevelopmentTeam = ECPG9HFQ6H;
						ProvisioningStyle = Automatic;
					};
				};
			};
			buildConfigurationList = CB32D9241E6D63F800E53115 /* Build configuration list for PBXProject "WebBrowser" */;
			compatibilityVersion = "Xcode 3.2";
			developmentRegion = English;
			hasScannedForEncodings = 0;
			knownRegions = (
				en,
				Base,
			);
			mainGroup = CB32D9201E6D63F800E53115;
			productRefGroup = CB32D92A1E6D63F800E53115 /* Products */;
			projectDirPath = "";
			projectRoot = "";
			targets = (
				CB32D9281E6D63F800E53115 /* WebBrowser */,
			);
		};
/* End PBXProject section */

/* Begin PBXResourcesBuildPhase section */
		CB32D9271E6D63F800E53115 /* Resources */ = {
			isa = PBXResourcesBuildPhase;
			buildActionMask = 2147483647;
			files = (
				CB32D9371E6D63F800E53115 /* LaunchScreen.storyboard in Resources */,
				CB32D9341E6D63F800E53115 /* Assets.xcassets in Resources */,
				CB32D9321E6D63F800E53115 /* Main.storyboard in Resources */,
				CB32D9411E6D65BD00E53115 /* test.png in Resources */,
			);
			runOnlyForDeploymentPostprocessing = 0;
		};
/* End PBXResourcesBuildPhase section */

/* Begin PBXSourcesBuildPhase section */
		CB32D9251E6D63F800E53115 /* Sources */ = {
			isa = PBXSourcesBuildPhase;
			buildActionMask = 2147483647;
			files = (
				CB32D92F1E6D63F800E53115 /* ViewController.swift in Sources */,
				CB32D92D1E6D63F800E53115 /* AppDelegate.swift in Sources */,
			);
			runOnlyForDeploymentPostprocessing = 0;
		};
/* End PBXSourcesBuildPhase section */

/* Begin PBXVariantGroup section */
		CB32D9301E6D63F800E53115 /* Main.storyboard */ = {
			isa = PBXVariantGroup;
			children = (
				CB32D9311E6D63F800E53115 /* Base */,
			);
			name = Main.storyboard;
			sourceTree = "<group>";
		};
		CB32D9351E6D63F800E53115 /* LaunchScreen.storyboard */ = {
			isa = PBXVariantGroup;
			children = (
				CB32D9361E6D63F800E53115 /* Base */,
			);
			name = LaunchScreen.storyboard;
			sourceTree = "<group>";
		};
/* End PBXVariantGroup section */

/* Begin XCBuildConfiguration section */
		CB32D9391E6D63F800E53115 /* Debug */ = {
			isa = XCBuildConfiguration;
			buildSettings = {
				ALWAYS_SEARCH_USER_PATHS = NO;
				CLANG_ANALYZER_NONNULL = YES;
				CLANG_CXX_LANGUAGE_STANDARD = "gnu++0x";
				CLANG_CXX_LIBRARY = "libc++";
				CLANG_ENABLE_MODULES = YES;
				CLANG_ENABLE_OBJC_ARC = YES;
				CLANG_WARN_BOOL_CONVERSION = YES;
				CLANG_WARN_CONSTANT_CONVERSION = YES;
				CLANG_WARN_DIRECT_OBJC_ISA_USAGE = YES_ERROR;
				CLANG_WARN_DOCUMENTATION_COMMENTS = YES;
				CLANG_WARN_EMPTY_BODY = YES;
				CLANG_WARN_ENUM_CONVERSION = YES;
				CLANG_WARN_INFINITE_RECURSION = YES;
				CLANG_WARN_INT_CONVERSION = YES;
				CLANG_WARN_OBJC_ROOT_CLASS = YES_ERROR;
				CLANG_WARN_SUSPICIOUS_MOVE = YES;
				CLANG_WARN_UNREACHABLE_CODE = YES;
				CLANG_WARN__DUPLICATE_METHOD_MATCH = YES;
				"CODE_SIGN_IDENTITY[sdk=iphoneos*]" = "iPhone Developer";
				COPY_PHASE_STRIP = NO;
				DEBUG_INFORMATION_FORMAT = dwarf;
				ENABLE_STRICT_OBJC_MSGSEND = YES;
				ENABLE_TESTABILITY = YES;
				GCC_C_LANGUAGE_STANDARD = gnu99;
				GCC_DYNAMIC_NO_PIC = NO;
				GCC_NO_COMMON_BLOCKS = YES;
				GCC_OPTIMIZATION_LEVEL = 0;
				GCC_PREPROCESSOR_DEFINITIONS = (
					"DEBUG=1",
					"$(inherited)",
				);
				GCC_WARN_64_TO_32_BIT_CONVERSION = YES;
				GCC_WARN_ABOUT_RETURN_TYPE = YES_ERROR;
				GCC_WARN_UNDECLARED_SELECTOR = YES;
				GCC_WARN_UNINITIALIZED_AUTOS = YES_AGGRESSIVE;
				GCC_WARN_UNUSED_FUNCTION = YES;
				GCC_WARN_UNUSED_VARIABLE = YES;
				IPHONEOS_DEPLOYMENT_TARGET = 10.2;
				MTL_ENABLE_DEBUG_INFO = YES;
				ONLY_ACTIVE_ARCH = YES;
				SDKROOT = iphoneos;
				SWIFT_ACTIVE_COMPILATION_CONDITIONS = DEBUG;
				SWIFT_OPTIMIZATION_LEVEL = "-Onone";
				TARGETED_DEVICE_FAMILY = "1,2";
			};
			name = Debug;
		};
		CB32D93A1E6D63F800E53115 /* Release */ = {
			isa = XCBuildConfiguration;
			buildSettings = {
				ALWAYS_SEARCH_USER_PATHS = NO;
				CLANG_ANALYZER_NONNULL = YES;
				CLANG_CXX_LANGUAGE_STANDARD = "gnu++0x";
				CLANG_CXX_LIBRARY = "libc++";
				CLANG_ENABLE_MODULES = YES;
				CLANG_ENABLE_OBJC_ARC = YES;
				CLANG_WARN_BOOL_CONVERSION = YES;
				CLANG_WARN_CONSTANT_CONVERSION = YES;
				CLANG_WARN_DIRECT_OBJC_ISA_USAGE = YES_ERROR;
				CLANG_WARN_DOCUMENTATION_COMMENTS = YES;
				CLANG_WARN_EMPTY_BODY = YES;
				CLANG_WARN_ENUM_CONVERSION = YES;
				CLANG_WARN_INFINITE_RECURSION = YES;
				CLANG_WARN_INT_CONVERSION = YES;
				CLANG_WARN_OBJC_ROOT_CLASS = YES_ERROR;
				CLANG_WARN_SUSPICIOUS_MOVE = YES;
				CLANG_WARN_UNREACHABLE_CODE = YES;
				CLANG_WARN__DUPLICATE_METHOD_MATCH = YES;
				"CODE_SIGN_IDENTITY[sdk=iphoneos*]" = "iPhone Developer";
				COPY_PHASE_STRIP = NO;
				DEBUG_INFORMATION_FORMAT = "dwarf-with-dsym";
				ENABLE_NS_ASSERTIONS = NO;
				ENABLE_STRICT_OBJC_MSGSEND = YES;
				GCC_C_LANGUAGE_STANDARD = gnu99;
				GCC_NO_COMMON_BLOCKS = YES;
				GCC_WARN_64_TO_32_BIT_CONVERSION = YES;
				GCC_WARN_ABOUT_RETURN_TYPE = YES_ERROR;
				GCC_WARN_UNDECLARED_SELECTOR = YES;
				GCC_WARN_UNINITIALIZED_AUTOS = YES_AGGRESSIVE;
				GCC_WARN_UNUSED_FUNCTION = YES;
				GCC_WARN_UNUSED_VARIABLE = YES;
				IPHONEOS_DEPLOYMENT_TARGET = 10.2;
				MTL_ENABLE_DEBUG_INFO = NO;
				SDKROOT = iphoneos;
				SWIFT_OPTIMIZATION_LEVEL = "-Owholemodule";
				TARGETED_DEVICE_FAMILY = "1,2";
				VALIDATE_PRODUCT = YES;
			};
			name = Release;
		};
		CB32D93C1E6D63F800E53115 /* Debug */ = {
			isa = XCBuildConfiguration;
			buildSettings = {
				ASSETCATALOG_COMPILER_APPICON_NAME = AppIcon;
				DEVELOPMENT_TEAM = ECPG9HFQ6H;
				INFOPLIST_FILE = WebBrowser/Info.plist;
				LD_RUNPATH_SEARCH_PATHS = "$(inherited) @executable_path/Frameworks";
				PRODUCT_BUNDLE_IDENTIFIER = nvt.WebBrowser;
				PRODUCT_NAME = "$(TARGET_NAME)";
				SWIFT_VERSION = 3.0;
			};
			name = Debug;
		};
		CB32D93D1E6D63F800E53115 /* Release */ = {
			isa = XCBuildConfiguration;
			buildSettings = {
				ASSETCATALOG_COMPILER_APPICON_NAME = AppIcon;
				DEVELOPMENT_TEAM = ECPG9HFQ6H;
				INFOPLIST_FILE = WebBrowser/Info.plist;
				LD_RUNPATH_SEARCH_PATHS = "$(inherited) @executable_path/Frameworks";
				PRODUCT_BUNDLE_IDENTIFIER = nvt.WebBrowser;
				PRODUCT_NAME = "$(TARGET_NAME)";
				SWIFT_VERSION = 3.0;
			};
			name = Release;
		};
/* End XCBuildConfiguration section */

/* Begin XCConfigurationList section */
		CB32D9241E6D63F800E53115 /* Build configuration list for PBXProject "WebBrowser" */ = {
			isa = XCConfigurationList;
			buildConfigurations = (
				CB32D9391E6D63F800E53115 /* Debug */,
				CB32D93A1E6D63F800E53115 /* Release */,
			);
			defaultConfigurationIsVisible = 0;
			defaultConfigurationName = Release;
		};
		CB32D93B1E6D63F800E53115 /* Build configuration list for PBXNativeTarget "WebBrowser" */ = {
			isa = XCConfigurationList;
			buildConfigurations = (
				CB32D93C1E6D63F800E53115 /* Debug */,
				CB32D93D1E6D63F800E53115 /* Release */,
			);
			defaultConfigurationIsVisible = 0;
		};
/* End XCConfigurationList section */
	};
	rootObject = CB32D9211E6D63F800E53115 /* Project object */;
}
