// !$*UTF8*$!
{
	archiveVersion = 1;
	classes = {
	};
	objectVersion = 46;
	objects = {

/* Begin PBXBuildFile section */
		B1EA99F61E4A17940092B4A8 /* AppDelegate.swift in Sources */ = {isa = PBXBuildFile; fileRef = B1EA99F51E4A17940092B4A8 /* AppDelegate.swift */; };
		B1EA99F81E4A17940092B4A8 /* ViewController.swift in Sources */ = {isa = PBXBuildFile; fileRef = B1EA99F71E4A17940092B4A8 /* ViewController.swift */; };
		B1EA99FB1E4A17940092B4A8 /* Main.storyboard in Resources */ = {isa = PBXBuildFile; fileRef = B1EA99F91E4A17940092B4A8 /* Main.storyboard */; };
		B1EA99FD1E4A17940092B4A8 /* Assets.xcassets in Resources */ = {isa = PBXBuildFile; fileRef = B1EA99FC1E4A17940092B4A8 /* Assets.xcassets */; };
		B1EA9A001E4A17940092B4A8 /* LaunchScreen.storyboard in Resources */ = {isa = PBXBuildFile; fileRef = B1EA99FE1E4A17940092B4A8 /* LaunchScreen.storyboard */; };
		B1EA9A0E1E4A41A70092B4A8 /* DisableActionSheetWKWebView.swift in Sources */ = {isa = PBXBuildFile; fileRef = B1EA9A0D1E4A41A70092B4A8 /* DisableActionSheetWKWebView.swift */; };
		CB839AF21E4C0BD7005303A4 /* DownloadView.swift in Sources */ = {isa = PBXBuildFile; fileRef = CB839AF11E4C0BD7005303A4 /* DownloadView.swift */; };
		CB839AF51E4C0E18005303A4 /* ItemCell.swift in Sources */ = {isa = PBXBuildFile; fileRef = CB839AF31E4C0E18005303A4 /* ItemCell.swift */; };
		CB839AF61E4C0E18005303A4 /* ItemCell.xib in Resources */ = {isa = PBXBuildFile; fileRef = CB839AF41E4C0E18005303A4 /* ItemCell.xib */; };
		CB839AFA1E4C10A7005303A4 /* Download.swift in Sources */ = {isa = PBXBuildFile; fileRef = CB839AF91E4C10A7005303A4 /* Download.swift */; };
		CB839AFC1E4C10B8005303A4 /* Track.swift in Sources */ = {isa = PBXBuildFile; fileRef = CB839AFB1E4C10B8005303A4 /* Track.swift */; };
		CB839B041E4C3122005303A4 /* HGPageScrollView.m in Sources */ = {isa = PBXBuildFile; fileRef = CB839B001E4C3122005303A4 /* HGPageScrollView.m */; };
		CB839B051E4C3122005303A4 /* HGPageScrollView.xib in Resources */ = {isa = PBXBuildFile; fileRef = CB839B011E4C3122005303A4 /* HGPageScrollView.xib */; };
		CB839B061E4C3122005303A4 /* HGPageView.m in Sources */ = {isa = PBXBuildFile; fileRef = CB839B031E4C3122005303A4 /* HGPageView.m */; };
/* End PBXBuildFile section */

/* Begin PBXFileReference section */
		B1EA99F21E4A17940092B4A8 /* TouchToDownload.app */ = {isa = PBXFileReference; explicitFileType = wrapper.application; includeInIndex = 0; path = TouchToDownload.app; sourceTree = BUILT_PRODUCTS_DIR; };
		B1EA99F51E4A17940092B4A8 /* AppDelegate.swift */ = {isa = PBXFileReference; lastKnownFileType = sourcecode.swift; path = AppDelegate.swift; sourceTree = "<group>"; };
		B1EA99F71E4A17940092B4A8 /* ViewController.swift */ = {isa = PBXFileReference; lastKnownFileType = sourcecode.swift; path = ViewController.swift; sourceTree = "<group>"; };
		B1EA99FA1E4A17940092B4A8 /* Base */ = {isa = PBXFileReference; lastKnownFileType = file.storyboard; name = Base; path = Base.lproj/Main.storyboard; sourceTree = "<group>"; };
		B1EA99FC1E4A17940092B4A8 /* Assets.xcassets */ = {isa = PBXFileReference; lastKnownFileType = folder.assetcatalog; path = Assets.xcassets; sourceTree = "<group>"; };
		B1EA99FF1E4A17940092B4A8 /* Base */ = {isa = PBXFileReference; lastKnownFileType = file.storyboard; name = Base; path = Base.lproj/LaunchScreen.storyboard; sourceTree = "<group>"; };
		B1EA9A011E4A17940092B4A8 /* Info.plist */ = {isa = PBXFileReference; lastKnownFileType = text.plist.xml; path = Info.plist; sourceTree = "<group>"; };
		B1EA9A0D1E4A41A70092B4A8 /* DisableActionSheetWKWebView.swift */ = {isa = PBXFileReference; fileEncoding = 4; lastKnownFileType = sourcecode.swift; path = DisableActionSheetWKWebView.swift; sourceTree = "<group>"; };
		CB839AF11E4C0BD7005303A4 /* DownloadView.swift */ = {isa = PBXFileReference; fileEncoding = 4; lastKnownFileType = sourcecode.swift; path = DownloadView.swift; sourceTree = "<group>"; };
		CB839AF31E4C0E18005303A4 /* ItemCell.swift */ = {isa = PBXFileReference; fileEncoding = 4; lastKnownFileType = sourcecode.swift; path = ItemCell.swift; sourceTree = "<group>"; };
		CB839AF41E4C0E18005303A4 /* ItemCell.xib */ = {isa = PBXFileReference; fileEncoding = 4; lastKnownFileType = file.xib; path = ItemCell.xib; sourceTree = "<group>"; };
		CB839AF91E4C10A7005303A4 /* Download.swift */ = {isa = PBXFileReference; fileEncoding = 4; lastKnownFileType = sourcecode.swift; path = Download.swift; sourceTree = "<group>"; };
		CB839AFB1E4C10B8005303A4 /* Track.swift */ = {isa = PBXFileReference; fileEncoding = 4; lastKnownFileType = sourcecode.swift; path = Track.swift; sourceTree = "<group>"; };
		CB839AFE1E4C3122005303A4 /* TouchToDownload-Bridging-Header.h */ = {isa = PBXFileReference; lastKnownFileType = sourcecode.c.h; path = "TouchToDownload-Bridging-Header.h"; sourceTree = "<group>"; };
		CB839AFF1E4C3122005303A4 /* HGPageScrollView.h */ = {isa = PBXFileReference; fileEncoding = 4; lastKnownFileType = sourcecode.c.h; path = HGPageScrollView.h; sourceTree = "<group>"; };
		CB839B001E4C3122005303A4 /* HGPageScrollView.m */ = {isa = PBXFileReference; fileEncoding = 4; lastKnownFileType = sourcecode.c.objc; path = HGPageScrollView.m; sourceTree = "<group>"; };
		CB839B011E4C3122005303A4 /* HGPageScrollView.xib */ = {isa = PBXFileReference; fileEncoding = 4; lastKnownFileType = file.xib; path = HGPageScrollView.xib; sourceTree = "<group>"; };
		CB839B021E4C3122005303A4 /* HGPageView.h */ = {isa = PBXFileReference; fileEncoding = 4; lastKnownFileType = sourcecode.c.h; path = HGPageView.h; sourceTree = "<group>"; };
		CB839B031E4C3122005303A4 /* HGPageView.m */ = {isa = PBXFileReference; fileEncoding = 4; lastKnownFileType = sourcecode.c.objc; path = HGPageView.m; sourceTree = "<group>"; };
/* End PBXFileReference section */

/* Begin PBXFrameworksBuildPhase section */
		B1EA99EF1E4A17940092B4A8 /* Frameworks */ = {
			isa = PBXFrameworksBuildPhase;
			buildActionMask = 2147483647;
			files = (
			);
			runOnlyForDeploymentPostprocessing = 0;
		};
/* End PBXFrameworksBuildPhase section */

/* Begin PBXGroup section */
		B1EA99E91E4A17940092B4A8 = {
			isa = PBXGroup;
			children = (
				B1EA99F41E4A17940092B4A8 /* TouchToDownload */,
				B1EA99F31E4A17940092B4A8 /* Products */,
			);
			sourceTree = "<group>";
		};
		B1EA99F31E4A17940092B4A8 /* Products */ = {
			isa = PBXGroup;
			children = (
				B1EA99F21E4A17940092B4A8 /* TouchToDownload.app */,
			);
			name = Products;
			sourceTree = "<group>";
		};
		B1EA99F41E4A17940092B4A8 /* TouchToDownload */ = {
			isa = PBXGroup;
			children = (
				CB839AFD1E4C30FD005303A4 /* PageController */,
				B1EA99F51E4A17940092B4A8 /* AppDelegate.swift */,
				B1EA99F71E4A17940092B4A8 /* ViewController.swift */,
				B1EA99F91E4A17940092B4A8 /* Main.storyboard */,
				B1EA99FC1E4A17940092B4A8 /* Assets.xcassets */,
				B1EA99FE1E4A17940092B4A8 /* LaunchScreen.storyboard */,
				B1EA9A011E4A17940092B4A8 /* Info.plist */,
				B1EA9A0D1E4A41A70092B4A8 /* DisableActionSheetWKWebView.swift */,
				CB839AF11E4C0BD7005303A4 /* DownloadView.swift */,
				CB839AF31E4C0E18005303A4 /* ItemCell.swift */,
				CB839AF41E4C0E18005303A4 /* ItemCell.xib */,
				CB839AF91E4C10A7005303A4 /* Download.swift */,
				CB839AFB1E4C10B8005303A4 /* Track.swift */,
			);
			path = TouchToDownload;
			sourceTree = "<group>";
		};
		CB839AFD1E4C30FD005303A4 /* PageController */ = {
			isa = PBXGroup;
			children = (
				CB839AFF1E4C3122005303A4 /* HGPageScrollView.h */,
				CB839B001E4C3122005303A4 /* HGPageScrollView.m */,
				CB839B011E4C3122005303A4 /* HGPageScrollView.xib */,
				CB839B021E4C3122005303A4 /* HGPageView.h */,
				CB839B031E4C3122005303A4 /* HGPageView.m */,
				CB839AFE1E4C3122005303A4 /* TouchToDownload-Bridging-Header.h */,
			);
			name = PageController;
			sourceTree = "<group>";
		};
/* End PBXGroup section */

/* Begin PBXNativeTarget section */
		B1EA99F11E4A17940092B4A8 /* TouchToDownload */ = {
			isa = PBXNativeTarget;
			buildConfigurationList = B1EA9A041E4A17940092B4A8 /* Build configuration list for PBXNativeTarget "TouchToDownload" */;
			buildPhases = (
				B1EA99EE1E4A17940092B4A8 /* Sources */,
				B1EA99EF1E4A17940092B4A8 /* Frameworks */,
				B1EA99F01E4A17940092B4A8 /* Resources */,
			);
			buildRules = (
			);
			dependencies = (
			);
			name = TouchToDownload;
			productName = TouchToDownload;
			productReference = B1EA99F21E4A17940092B4A8 /* TouchToDownload.app */;
			productType = "com.apple.product-type.application";
		};
/* End PBXNativeTarget section */

/* Begin PBXProject section */
		B1EA99EA1E4A17940092B4A8 /* Project object */ = {
			isa = PBXProject;
			attributes = {
				LastSwiftUpdateCheck = 0810;
				LastUpgradeCheck = 0810;
				ORGANIZATIONNAME = "Nguyen Van Tu";
				TargetAttributes = {
					B1EA99F11E4A17940092B4A8 = {
						CreatedOnToolsVersion = 8.1;
						LastSwiftMigration = 0820;
						ProvisioningStyle = Automatic;
					};
				};
			};
			buildConfigurationList = B1EA99ED1E4A17940092B4A8 /* Build configuration list for PBXProject "TouchToDownload" */;
			compatibilityVersion = "Xcode 3.2";
			developmentRegion = English;
			hasScannedForEncodings = 0;
			knownRegions = (
				en,
				Base,
			);
			mainGroup = B1EA99E91E4A17940092B4A8;
			productRefGroup = B1EA99F31E4A17940092B4A8 /* Products */;
			projectDirPath = "";
			projectRoot = "";
			targets = (
				B1EA99F11E4A17940092B4A8 /* TouchToDownload */,
			);
		};
/* End PBXProject section */

/* Begin PBXResourcesBuildPhase section */
		B1EA99F01E4A17940092B4A8 /* Resources */ = {
			isa = PBXResourcesBuildPhase;
			buildActionMask = 2147483647;
			files = (
				CB839AF61E4C0E18005303A4 /* ItemCell.xib in Resources */,
				B1EA9A001E4A17940092B4A8 /* LaunchScreen.storyboard in Resources */,
				B1EA99FD1E4A17940092B4A8 /* Assets.xcassets in Resources */,
				CB839B051E4C3122005303A4 /* HGPageScrollView.xib in Resources */,
				B1EA99FB1E4A17940092B4A8 /* Main.storyboard in Resources */,
			);
			runOnlyForDeploymentPostprocessing = 0;
		};
/* End PBXResourcesBuildPhase section */

/* Begin PBXSourcesBuildPhase section */
		B1EA99EE1E4A17940092B4A8 /* Sources */ = {
			isa = PBXSourcesBuildPhase;
			buildActionMask = 2147483647;
			files = (
				CB839AF21E4C0BD7005303A4 /* DownloadView.swift in Sources */,
				B1EA99F81E4A17940092B4A8 /* ViewController.swift in Sources */,
				B1EA99F61E4A17940092B4A8 /* AppDelegate.swift in Sources */,
				CB839B041E4C3122005303A4 /* HGPageScrollView.m in Sources */,
				CB839AFA1E4C10A7005303A4 /* Download.swift in Sources */,
				B1EA9A0E1E4A41A70092B4A8 /* DisableActionSheetWKWebView.swift in Sources */,
				CB839AF51E4C0E18005303A4 /* ItemCell.swift in Sources */,
				CB839B061E4C3122005303A4 /* HGPageView.m in Sources */,
				CB839AFC1E4C10B8005303A4 /* Track.swift in Sources */,
			);
			runOnlyForDeploymentPostprocessing = 0;
		};
/* End PBXSourcesBuildPhase section */

/* Begin PBXVariantGroup section */
		B1EA99F91E4A17940092B4A8 /* Main.storyboard */ = {
			isa = PBXVariantGroup;
			children = (
				B1EA99FA1E4A17940092B4A8 /* Base */,
			);
			name = Main.storyboard;
			sourceTree = "<group>";
		};
		B1EA99FE1E4A17940092B4A8 /* LaunchScreen.storyboard */ = {
			isa = PBXVariantGroup;
			children = (
				B1EA99FF1E4A17940092B4A8 /* Base */,
			);
			name = LaunchScreen.storyboard;
			sourceTree = "<group>";
		};
/* End PBXVariantGroup section */

/* Begin XCBuildConfiguration section */
		B1EA9A021E4A17940092B4A8 /* Debug */ = {
			isa = XCBuildConfiguration;
			buildSettings = {
				ALWAYS_SEARCH_USER_PATHS = NO;
				CLANG_ANALYZER_NONNULL = YES;
				CLANG_CXX_LANGUAGE_STANDARD = "gnu++0x";
				CLANG_CXX_LIBRARY = "libc++";
				CLANG_ENABLE_MODULES = YES;
				CLANG_ENABLE_OBJC_ARC = YES;
				CLANG_WARN_BOOL_CONVERSION = YES;
				CLANG_WARN_CONSTANT_CONVERSION = YES;
				CLANG_WARN_DIRECT_OBJC_ISA_USAGE = YES_ERROR;
				CLANG_WARN_DOCUMENTATION_COMMENTS = YES;
				CLANG_WARN_EMPTY_BODY = YES;
				CLANG_WARN_ENUM_CONVERSION = YES;
				CLANG_WARN_INFINITE_RECURSION = YES;
				CLANG_WARN_INT_CONVERSION = YES;
				CLANG_WARN_OBJC_ROOT_CLASS = YES_ERROR;
				CLANG_WARN_SUSPICIOUS_MOVES = YES;
				CLANG_WARN_UNREACHABLE_CODE = YES;
				CLANG_WARN__DUPLICATE_METHOD_MATCH = YES;
				"CODE_SIGN_IDENTITY[sdk=iphoneos*]" = "iPhone Developer";
				COPY_PHASE_STRIP = NO;
				DEBUG_INFORMATION_FORMAT = dwarf;
				ENABLE_STRICT_OBJC_MSGSEND = YES;
				ENABLE_TESTABILITY = YES;
				GCC_C_LANGUAGE_STANDARD = gnu99;
				GCC_DYNAMIC_NO_PIC = NO;
				GCC_NO_COMMON_BLOCKS = YES;
				GCC_OPTIMIZATION_LEVEL = 0;
				GCC_PREPROCESSOR_DEFINITIONS = (
					"DEBUG=1",
					"$(inherited)",
				);
				GCC_WARN_64_TO_32_BIT_CONVERSION = YES;
				GCC_WARN_ABOUT_RETURN_TYPE = YES_ERROR;
				GCC_WARN_UNDECLARED_SELECTOR = YES;
				GCC_WARN_UNINITIALIZED_AUTOS = YES_AGGRESSIVE;
				GCC_WARN_UNUSED_FUNCTION = YES;
				GCC_WARN_UNUSED_VARIABLE = YES;
				IPHONEOS_DEPLOYMENT_TARGET = 10.1;
				MTL_ENABLE_DEBUG_INFO = YES;
				ONLY_ACTIVE_ARCH = YES;
				SDKROOT = iphoneos;
				SWIFT_ACTIVE_COMPILATION_CONDITIONS = DEBUG;
				SWIFT_OPTIMIZATION_LEVEL = "-Onone";
				TARGETED_DEVICE_FAMILY = "1,2";
			};
			name = Debug;
		};
		B1EA9A031E4A17940092B4A8 /* Release */ = {
			isa = XCBuildConfiguration;
			buildSettings = {
				ALWAYS_SEARCH_USER_PATHS = NO;
				CLANG_ANALYZER_NONNULL = YES;
				CLANG_CXX_LANGUAGE_STANDARD = "gnu++0x";
				CLANG_CXX_LIBRARY = "libc++";
				CLANG_ENABLE_MODULES = YES;
				CLANG_ENABLE_OBJC_ARC = YES;
				CLANG_WARN_BOOL_CONVERSION = YES;
				CLANG_WARN_CONSTANT_CONVERSION = YES;
				CLANG_WARN_DIRECT_OBJC_ISA_USAGE = YES_ERROR;
				CLANG_WARN_DOCUMENTATION_COMMENTS = YES;
				CLANG_WARN_EMPTY_BODY = YES;
				CLANG_WARN_ENUM_CONVERSION = YES;
				CLANG_WARN_INFINITE_RECURSION = YES;
				CLANG_WARN_INT_CONVERSION = YES;
				CLANG_WARN_OBJC_ROOT_CLASS = YES_ERROR;
				CLANG_WARN_SUSPICIOUS_MOVES = YES;
				CLANG_WARN_UNREACHABLE_CODE = YES;
				CLANG_WARN__DUPLICATE_METHOD_MATCH = YES;
				"CODE_SIGN_IDENTITY[sdk=iphoneos*]" = "iPhone Developer";
				COPY_PHASE_STRIP = NO;
				DEBUG_INFORMATION_FORMAT = "dwarf-with-dsym";
				ENABLE_NS_ASSERTIONS = NO;
				ENABLE_STRICT_OBJC_MSGSEND = YES;
				GCC_C_LANGUAGE_STANDARD = gnu99;
				GCC_NO_COMMON_BLOCKS = YES;
				GCC_WARN_64_TO_32_BIT_CONVERSION = YES;
				GCC_WARN_ABOUT_RETURN_TYPE = YES_ERROR;
				GCC_WARN_UNDECLARED_SELECTOR = YES;
				GCC_WARN_UNINITIALIZED_AUTOS = YES_AGGRESSIVE;
				GCC_WARN_UNUSED_FUNCTION = YES;
				GCC_WARN_UNUSED_VARIABLE = YES;
				IPHONEOS_DEPLOYMENT_TARGET = 10.1;
				MTL_ENABLE_DEBUG_INFO = NO;
				SDKROOT = iphoneos;
				SWIFT_OPTIMIZATION_LEVEL = "-Owholemodule";
				TARGETED_DEVICE_FAMILY = "1,2";
				VALIDATE_PRODUCT = YES;
			};
			name = Release;
		};
		B1EA9A051E4A17940092B4A8 /* Debug */ = {
			isa = XCBuildConfiguration;
			buildSettings = {
				ASSETCATALOG_COMPILER_APPICON_NAME = AppIcon;
				CLANG_ENABLE_MODULES = YES;
				INFOPLIST_FILE = TouchToDownload/Info.plist;
				LD_RUNPATH_SEARCH_PATHS = "$(inherited) @executable_path/Frameworks";
				PRODUCT_BUNDLE_IDENTIFIER = nvt.TouchToDownload;
				PRODUCT_NAME = "$(TARGET_NAME)";
				SWIFT_OBJC_BRIDGING_HEADER = "TouchToDownload/TouchToDownload-Bridging-Header.h";
				SWIFT_OPTIMIZATION_LEVEL = "-Onone";
				SWIFT_VERSION = 3.0;
			};
			name = Debug;
		};
		B1EA9A061E4A17940092B4A8 /* Release */ = {
			isa = XCBuildConfiguration;
			buildSettings = {
				ASSETCATALOG_COMPILER_APPICON_NAME = AppIcon;
				CLANG_ENABLE_MODULES = YES;
				INFOPLIST_FILE = TouchToDownload/Info.plist;
				LD_RUNPATH_SEARCH_PATHS = "$(inherited) @executable_path/Frameworks";
				PRODUCT_BUNDLE_IDENTIFIER = nvt.TouchToDownload;
				PRODUCT_NAME = "$(TARGET_NAME)";
				SWIFT_OBJC_BRIDGING_HEADER = "TouchToDownload/TouchToDownload-Bridging-Header.h";
				SWIFT_VERSION = 3.0;
			};
			name = Release;
		};
/* End XCBuildConfiguration section */

/* Begin XCConfigurationList section */
		B1EA99ED1E4A17940092B4A8 /* Build configuration list for PBXProject "TouchToDownload" */ = {
			isa = XCConfigurationList;
			buildConfigurations = (
				B1EA9A021E4A17940092B4A8 /* Debug */,
				B1EA9A031E4A17940092B4A8 /* Release */,
			);
			defaultConfigurationIsVisible = 0;
			defaultConfigurationName = Release;
		};
		B1EA9A041E4A17940092B4A8 /* Build configuration list for PBXNativeTarget "TouchToDownload" */ = {
			isa = XCConfigurationList;
			buildConfigurations = (
				B1EA9A051E4A17940092B4A8 /* Debug */,
				B1EA9A061E4A17940092B4A8 /* Release */,
			);
			defaultConfigurationIsVisible = 0;
			defaultConfigurationName = Release;
		};
/* End XCConfigurationList section */
	};
	rootObject = B1EA99EA1E4A17940092B4A8 /* Project object */;
}
